
Microsoft Visual Studio Solution File, Format Version 12.00
# Visual Studio 14
VisualStudioVersion = 14.0.25420.1
MinimumVisualStudioVersion = 10.0.40219.1
Project("{FAE04EC0-301F-11D3-BF4B-00C04F79EFBC}") = "KurlarService", "KurlarService\KurlarService.csproj", "{22530EB6-D1B2-400D-9D79-91DA550F19EE}"
EndProject
Project("{FAE04EC0-301F-11D3-BF4B-00C04F79EFBC}") = "KurlarMVC", "KurlarMVC\KurlarMVC.csproj", "{F525C32A-CF9F-403C-87DD-D483199279C7}"
	ProjectSection(ProjectDependencies) = postProject
		{22530EB6-D1B2-400D-9D79-91DA550F19EE} = {22530EB6-D1B2-400D-9D79-91DA550F19EE}
	EndProjectSection
EndProject
Global
	GlobalSection(SolutionConfigurationPlatforms) = preSolution
		Debug|Any CPU = Debug|Any CPU
		Release|Any CPU = Release|Any CPU
	EndGlobalSection
	GlobalSection(ProjectConfigurationPlatforms) = postSolution
		{22530EB6-D1B2-400D-9D79-91DA550F19EE}.Debug|Any CPU.ActiveCfg = Debug|Any CPU
		{22530EB6-D1B2-400D-9D79-91DA550F19EE}.Debug|Any CPU.Build.0 = Debug|Any CPU
		{22530EB6-D1B2-400D-9D79-91DA550F19EE}.Release|Any CPU.ActiveCfg = Release|Any CPU
		{22530EB6-D1B2-400D-9D79-91DA550F19EE}.Release|Any CPU.Build.0 = Release|Any CPU
		{F525C32A-CF9F-403C-87DD-D483199279C7}.Debug|Any CPU.ActiveCfg = Debug|Any CPU
		{F525C32A-CF9F-403C-87DD-D483199279C7}.Debug|Any CPU.Build.0 = Debug|Any CPU
		{F525C32A-CF9F-403C-87DD-D483199279C7}.Release|Any CPU.ActiveCfg = Release|Any CPU
		{F525C32A-CF9F-403C-87DD-D483199279C7}.Release|Any CPU.Build.0 = Release|Any CPU
	EndGlobalSection
	GlobalSection(SolutionProperties) = preSolution
		HideSolutionNode = FALSE
	EndGlobalSection
EndGlobal
